
Microsoft Visual Studio Solution File, Format Version 12.00
# Visual Studio 15
VisualStudioVersion = 15.0.28307.852
MinimumVisualStudioVersion = 10.0.40219.1
Project("{FAE04EC0-301F-11D3-BF4B-00C04F79EFBC}") = "TimesheetApp", "TimesheetApp\TimesheetApp.csproj", "{8B872ADD-4E80-4803-9606-3711C7109E98}"
EndProject
Global
	GlobalSection(SolutionConfigurationPlatforms) = preSolution
		Debug|Any CPU = Debug|Any CPU
		Release|Any CPU = Release|Any CPU
	EndGlobalSection
	GlobalSection(ProjectConfigurationPlatforms) = postSolution
		{8B872ADD-4E80-4803-9606-3711C7109E98}.Debug|Any CPU.ActiveCfg = Debug|Any CPU
		{8B872ADD-4E80-4803-9606-3711C7109E98}.Debug|Any CPU.Build.0 = Debug|Any CPU
		{8B872ADD-4E80-4803-9606-3711C7109E98}.Release|Any CPU.ActiveCfg = Release|Any CPU
		{8B872ADD-4E80-4803-9606-3711C7109E98}.Release|Any CPU.Build.0 = Release|Any CPU
	EndGlobalSection
	GlobalSection(SolutionProperties) = preSolution
		HideSolutionNode = FALSE
	EndGlobalSection
	GlobalSection(ExtensibilityGlobals) = postSolution
		SolutionGuid = {926F65A5-5B84-462B-B2E6-B3FF86C3FF41}
	EndGlobalSection
EndGlobal
